
Microsoft Visual Studio Solution File, Format Version 12.00
# Visual Studio Version 17
VisualStudioVersion = 17.0.31903.59
MinimumVisualStudioVersion = 10.0.40219.1
Project("{2150E333-8FDC-42A3-9474-1A3956D46DE8}") = "src", "src", "{ADD58BB0-94AC-4B94-A9A4-6EEDCAB82C82}"
EndProject
Project("{2150E333-8FDC-42A3-9474-1A3956D46DE8}") = "tests", "tests", "{5DA4C2E9-46D2-45B1-AD23-83C2BDF3A1D0}"
EndProject
Project("{2150E333-8FDC-42A3-9474-1A3956D46DE8}") = "docs", "docs", "{22E4D2B2-C4ED-46ED-97C4-854EE5E42B58}"
EndProject
Project("{9A19103F-16F7-4668-BE54-9A1E7A4F7556}") = "SolidClient", "src\SolidClient\SolidClient.csproj", "{97478575-BB1E-43EC-A8EE-52047317B5B1}"
EndProject
Project("{FAE04EC0-301F-11D3-BF4B-00C04F79EFBC}") = "SemanticWeb", "src\SemanticWeb\SemanticWeb.csproj", "{00657C4B-672C-4E8E-9FF7-26ABD526219C}"
EndProject
Global
	GlobalSection(SolutionConfigurationPlatforms) = preSolution
		Debug|Any CPU = Debug|Any CPU
		Release|Any CPU = Release|Any CPU
	EndGlobalSection
	GlobalSection(ProjectConfigurationPlatforms) = postSolution
		{97478575-BB1E-43EC-A8EE-52047317B5B1}.Debug|Any CPU.ActiveCfg = Debug|Any CPU
		{97478575-BB1E-43EC-A8EE-52047317B5B1}.Debug|Any CPU.Build.0 = Debug|Any CPU
		{97478575-BB1E-43EC-A8EE-52047317B5B1}.Release|Any CPU.ActiveCfg = Release|Any CPU
		{97478575-BB1E-43EC-A8EE-52047317B5B1}.Release|Any CPU.Build.0 = Release|Any CPU
		{00657C4B-672C-4E8E-9FF7-26ABD526219C}.Debug|Any CPU.ActiveCfg = Debug|Any CPU
		{00657C4B-672C-4E8E-9FF7-26ABD526219C}.Debug|Any CPU.Build.0 = Debug|Any CPU
		{00657C4B-672C-4E8E-9FF7-26ABD526219C}.Release|Any CPU.ActiveCfg = Release|Any CPU
		{00657C4B-672C-4E8E-9FF7-26ABD526219C}.Release|Any CPU.Build.0 = Release|Any CPU
	EndGlobalSection
	GlobalSection(SolutionProperties) = preSolution
		HideSolutionNode = FALSE
	EndGlobalSection
	GlobalSection(NestedProjects) = preSolution
		{97478575-BB1E-43EC-A8EE-52047317B5B1} = {ADD58BB0-94AC-4B94-A9A4-6EEDCAB82C82}
		{00657C4B-672C-4E8E-9FF7-26ABD526219C} = {ADD58BB0-94AC-4B94-A9A4-6EEDCAB82C82}
	EndGlobalSection
	GlobalSection(ExtensibilityGlobals) = postSolution
		SolutionGuid = {6B3AEE8C-89F8-4784-BDF3-E3578D27E67D}
	EndGlobalSection
EndGlobal
